
Microsoft Visual Studio Solution File, Format Version 11.00
# Visual Studio 2010
Project("{FAE04EC0-301F-11D3-BF4B-00C04F79EFBC}") = "joyouweb", "joyouweb\joyouweb.csproj", "{2D2190EE-0ECF-4B4B-8A22-43547AE99757}"
EndProject
Project("{2150E333-8FDC-42A3-9474-1A3956D46DE8}") = "Solution Items", "Solution Items", "{C8F6F893-0B20-4391-A483-82F75BD1D138}"
	ProjectSection(SolutionItems) = preProject
		joyousite.vsmdi = joyousite.vsmdi
		Local.testsettings = Local.testsettings
		TraceAndTestImpact.testsettings = TraceAndTestImpact.testsettings
	EndProjectSection
EndProject
Project("{FAE04EC0-301F-11D3-BF4B-00C04F79EFBC}") = "ElFinder.Connector", "ElFinder.Connector\ElFinder.Connector.csproj", "{ED8DC721-B471-4082-BB7E-4F4972C268C8}"
EndProject
Project("{FAE04EC0-301F-11D3-BF4B-00C04F79EFBC}") = "vuuvv.page", "vuuvv.page\vuuvv.page.csproj", "{C064A8AE-A450-42DF-9A89-D576DC097B29}"
EndProject
Project("{FAE04EC0-301F-11D3-BF4B-00C04F79EFBC}") = "vuuvv.data", "vuuvv.data\vuuvv.data.csproj", "{68F3DB6B-04D1-4B04-BB0E-0E98D1F84266}"
EndProject
Project("{FAE04EC0-301F-11D3-BF4B-00C04F79EFBC}") = "vuuvv.test", "vuuvv.test\vuuvv.test.csproj", "{509AA441-E2DB-4C76-B973-8600AF7CD29C}"
EndProject
Global
	GlobalSection(TestCaseManagementSettings) = postSolution
		CategoryFile = joyousite.vsmdi
	EndGlobalSection
	GlobalSection(SolutionConfigurationPlatforms) = preSolution
		Debug|Any CPU = Debug|Any CPU
		Debug|Mixed Platforms = Debug|Mixed Platforms
		Debug|x86 = Debug|x86
		Release|Any CPU = Release|Any CPU
		Release|Mixed Platforms = Release|Mixed Platforms
		Release|x86 = Release|x86
	EndGlobalSection
	GlobalSection(ProjectConfigurationPlatforms) = postSolution
		{2D2190EE-0ECF-4B4B-8A22-43547AE99757}.Debug|Any CPU.ActiveCfg = Debug|Any CPU
		{2D2190EE-0ECF-4B4B-8A22-43547AE99757}.Debug|Any CPU.Build.0 = Debug|Any CPU
		{2D2190EE-0ECF-4B4B-8A22-43547AE99757}.Debug|Mixed Platforms.ActiveCfg = Debug|Any CPU
		{2D2190EE-0ECF-4B4B-8A22-43547AE99757}.Debug|Mixed Platforms.Build.0 = Debug|Any CPU
		{2D2190EE-0ECF-4B4B-8A22-43547AE99757}.Debug|x86.ActiveCfg = Debug|Any CPU
		{2D2190EE-0ECF-4B4B-8A22-43547AE99757}.Release|Any CPU.ActiveCfg = Release|Any CPU
		{2D2190EE-0ECF-4B4B-8A22-43547AE99757}.Release|Any CPU.Build.0 = Release|Any CPU
		{2D2190EE-0ECF-4B4B-8A22-43547AE99757}.Release|Mixed Platforms.ActiveCfg = Release|Any CPU
		{2D2190EE-0ECF-4B4B-8A22-43547AE99757}.Release|Mixed Platforms.Build.0 = Release|Any CPU
		{2D2190EE-0ECF-4B4B-8A22-43547AE99757}.Release|x86.ActiveCfg = Release|Any CPU
		{ED8DC721-B471-4082-BB7E-4F4972C268C8}.Debug|Any CPU.ActiveCfg = Debug|Any CPU
		{ED8DC721-B471-4082-BB7E-4F4972C268C8}.Debug|Any CPU.Build.0 = Debug|Any CPU
		{ED8DC721-B471-4082-BB7E-4F4972C268C8}.Debug|Mixed Platforms.ActiveCfg = Debug|Any CPU
		{ED8DC721-B471-4082-BB7E-4F4972C268C8}.Debug|Mixed Platforms.Build.0 = Debug|Any CPU
		{ED8DC721-B471-4082-BB7E-4F4972C268C8}.Debug|x86.ActiveCfg = Debug|Any CPU
		{ED8DC721-B471-4082-BB7E-4F4972C268C8}.Release|Any CPU.ActiveCfg = Release|Any CPU
		{ED8DC721-B471-4082-BB7E-4F4972C268C8}.Release|Any CPU.Build.0 = Release|Any CPU
		{ED8DC721-B471-4082-BB7E-4F4972C268C8}.Release|Mixed Platforms.ActiveCfg = Release|Any CPU
		{ED8DC721-B471-4082-BB7E-4F4972C268C8}.Release|Mixed Platforms.Build.0 = Release|Any CPU
		{ED8DC721-B471-4082-BB7E-4F4972C268C8}.Release|x86.ActiveCfg = Release|Any CPU
		{C064A8AE-A450-42DF-9A89-D576DC097B29}.Debug|Any CPU.ActiveCfg = Debug|Any CPU
		{C064A8AE-A450-42DF-9A89-D576DC097B29}.Debug|Any CPU.Build.0 = Debug|Any CPU
		{C064A8AE-A450-42DF-9A89-D576DC097B29}.Debug|Mixed Platforms.ActiveCfg = Debug|Any CPU
		{C064A8AE-A450-42DF-9A89-D576DC097B29}.Debug|Mixed Platforms.Build.0 = Debug|Any CPU
		{C064A8AE-A450-42DF-9A89-D576DC097B29}.Debug|x86.ActiveCfg = Debug|Any CPU
		{C064A8AE-A450-42DF-9A89-D576DC097B29}.Release|Any CPU.ActiveCfg = Release|Any CPU
		{C064A8AE-A450-42DF-9A89-D576DC097B29}.Release|Any CPU.Build.0 = Release|Any CPU
		{C064A8AE-A450-42DF-9A89-D576DC097B29}.Release|Mixed Platforms.ActiveCfg = Release|Any CPU
		{C064A8AE-A450-42DF-9A89-D576DC097B29}.Release|Mixed Platforms.Build.0 = Release|Any CPU
		{C064A8AE-A450-42DF-9A89-D576DC097B29}.Release|x86.ActiveCfg = Release|Any CPU
		{68F3DB6B-04D1-4B04-BB0E-0E98D1F84266}.Debug|Any CPU.ActiveCfg = Debug|Any CPU
		{68F3DB6B-04D1-4B04-BB0E-0E98D1F84266}.Debug|Any CPU.Build.0 = Debug|Any CPU
		{68F3DB6B-04D1-4B04-BB0E-0E98D1F84266}.Debug|Mixed Platforms.ActiveCfg = Debug|Any CPU
		{68F3DB6B-04D1-4B04-BB0E-0E98D1F84266}.Debug|Mixed Platforms.Build.0 = Debug|Any CPU
		{68F3DB6B-04D1-4B04-BB0E-0E98D1F84266}.Debug|x86.ActiveCfg = Debug|Any CPU
		{68F3DB6B-04D1-4B04-BB0E-0E98D1F84266}.Release|Any CPU.ActiveCfg = Release|Any CPU
		{68F3DB6B-04D1-4B04-BB0E-0E98D1F84266}.Release|Any CPU.Build.0 = Release|Any CPU
		{68F3DB6B-04D1-4B04-BB0E-0E98D1F84266}.Release|Mixed Platforms.ActiveCfg = Release|Any CPU
		{68F3DB6B-04D1-4B04-BB0E-0E98D1F84266}.Release|Mixed Platforms.Build.0 = Release|Any CPU
		{68F3DB6B-04D1-4B04-BB0E-0E98D1F84266}.Release|x86.ActiveCfg = Release|Any CPU
		{509AA441-E2DB-4C76-B973-8600AF7CD29C}.Debug|Any CPU.ActiveCfg = Debug|Any CPU
		{509AA441-E2DB-4C76-B973-8600AF7CD29C}.Debug|Any CPU.Build.0 = Debug|Any CPU
		{509AA441-E2DB-4C76-B973-8600AF7CD29C}.Debug|Mixed Platforms.ActiveCfg = Debug|Any CPU
		{509AA441-E2DB-4C76-B973-8600AF7CD29C}.Debug|Mixed Platforms.Build.0 = Debug|Any CPU
		{509AA441-E2DB-4C76-B973-8600AF7CD29C}.Debug|x86.ActiveCfg = Debug|Any CPU
		{509AA441-E2DB-4C76-B973-8600AF7CD29C}.Release|Any CPU.ActiveCfg = Release|Any CPU
		{509AA441-E2DB-4C76-B973-8600AF7CD29C}.Release|Any CPU.Build.0 = Release|Any CPU
		{509AA441-E2DB-4C76-B973-8600AF7CD29C}.Release|Mixed Platforms.ActiveCfg = Release|Any CPU
		{509AA441-E2DB-4C76-B973-8600AF7CD29C}.Release|Mixed Platforms.Build.0 = Release|Any CPU
		{509AA441-E2DB-4C76-B973-8600AF7CD29C}.Release|x86.ActiveCfg = Release|Any CPU
	EndGlobalSection
	GlobalSection(SolutionProperties) = preSolution
		HideSolutionNode = FALSE
	EndGlobalSection
EndGlobal
